Microsoft Visual Studio Solution File, Format Version 12.00
# Visual Studio Version 17
VisualStudioVersion = 17.0.31903.59
MinimumVisualStudioVersion = 10.0.40219.1
Project("{FAE04EC0-301F-11D3-BF4B-00C04F79EFBC}") = "Kingdee.SyncTool.Domain", "src\Kingdee.SyncTool.Domain\Kingdee.SyncTool.Domain.csproj", "{4FA6159B-4C6B-4120-9AAD-525AF4E6F4C6}"
EndProject
Project("{FAE04EC0-301F-11D3-BF4B-00C04F79EFBC}") = "Kingdee.SyncTool.Application", "src\Kingdee.SyncTool.Application\Kingdee.SyncTool.Application.csproj", "{859FA797-C95C-4D27-AD29-8552C7B6E35E}"
EndProject
Project("{FAE04EC0-301F-11D3-BF4B-00C04F79EFBC}") = "Kingdee.SyncTool.Infrastructure", "src\Kingdee.SyncTool.Infrastructure\Kingdee.SyncTool.Infrastructure.csproj", "{65525A70-F23F-45E4-A3A3-0E87D1AE19AB}"
EndProject
Project("{FAE04EC0-301F-11D3-BF4B-00C04F79EFBC}") = "Kingdee.SyncTool.Cli", "src\Kingdee.SyncTool.Cli\Kingdee.SyncTool.Cli.csproj", "{7EFB1767-6156-4850-B3CC-9D0D7E32595D}"
EndProject
Global
	GlobalSection(SolutionConfigurationPlatforms) = preSolution
		Debug|Any CPU = Debug|Any CPU
		Release|Any CPU = Release|Any CPU
	EndGlobalSection
	GlobalSection(ProjectConfigurationPlatforms) = postSolution
		{4FA6159B-4C6B-4120-9AAD-525AF4E6F4C6}.Debug|Any CPU.ActiveCfg = Debug|Any CPU
		{4FA6159B-4C6B-4120-9AAD-525AF4E6F4C6}.Debug|Any CPU.Build.0 = Debug|Any CPU
		{4FA6159B-4C6B-4120-9AAD-525AF4E6F4C6}.Release|Any CPU.ActiveCfg = Release|Any CPU
		{4FA6159B-4C6B-4120-9AAD-525AF4E6F4C6}.Release|Any CPU.Build.0 = Release|Any CPU
		{859FA797-C95C-4D27-AD29-8552C7B6E35E}.Debug|Any CPU.ActiveCfg = Debug|Any CPU
		{859FA797-C95C-4D27-AD29-8552C7B6E35E}.Debug|Any CPU.Build.0 = Debug|Any CPU
		{859FA797-C95C-4D27-AD29-8552C7B6E35E}.Release|Any CPU.ActiveCfg = Release|Any CPU
		{859FA797-C95C-4D27-AD29-8552C7B6E35E}.Release|Any CPU.Build.0 = Release|Any CPU
		{65525A70-F23F-45E4-A3A3-0E87D1AE19AB}.Debug|Any CPU.ActiveCfg = Debug|Any CPU
		{65525A70-F23F-45E4-A3A3-0E87D1AE19AB}.Debug|Any CPU.Build.0 = Debug|Any CPU
		{65525A70-F23F-45E4-A3A3-0E87D1AE19AB}.Release|Any CPU.ActiveCfg = Release|Any CPU
		{65525A70-F23F-45E4-A3A3-0E87D1AE19AB}.Release|Any CPU.Build.0 = Release|Any CPU
		{7EFB1767-6156-4850-B3CC-9D0D7E32595D}.Debug|Any CPU.ActiveCfg = Debug|Any CPU
		{7EFB1767-6156-4850-B3CC-9D0D7E32595D}.Debug|Any CPU.Build.0 = Debug|Any CPU
		{7EFB1767-6156-4850-B3CC-9D0D7E32595D}.Release|Any CPU.ActiveCfg = Release|Any CPU
		{7EFB1767-6156-4850-B3CC-9D0D7E32595D}.Release|Any CPU.Build.0 = Release|Any CPU
	EndGlobalSection
	GlobalSection(SolutionProperties) = preSolution
		HideSolutionNode = FALSE
	EndGlobalSection
EndGlobal
